PODS:
  - Capacitor (7.2.0):
    - CapacitorCordova
  - CapacitorCordova (7.2.0)
  - FidoPluginPoc (0.0.1):
    - Capacitor

DEPENDENCIES:
  - "Capacitor (from `../../node_modules/@capacitor/ios`)"
  - "CapacitorCordova (from `../../node_modules/@capacitor/ios`)"
  - FidoPluginPoc (from `../../fido-plugin-poc`)

EXTERNAL SOURCES:
  Capacitor:
    :path: "../../node_modules/@capacitor/ios"
  CapacitorCordova:
    :path: "../../node_modules/@capacitor/ios"
  FidoPluginPoc:
    :path: "../../fido-plugin-poc"

SPEC CHECKSUMS:
  Capacitor: 106e7a4205f4618d582b886a975657c61179138d
  CapacitorCordova: 5967b9ba03915ef1d585469d6e31f31dc49be96f
  FidoPluginPoc: 2bc3296ec4bd24855ccc94865bc209a4e164b84c

PODFILE CHECKSUM: 19daf0da4b588568c1308401c75f13b1b216975e

COCOAPODS: 1.15.2
